
Microsoft Visual Studio Solution File, Format Version 12.00
# Visual Studio Version 17
VisualStudioVersion = 17.11.35327.3
MinimumVisualStudioVersion = 10.0.40219.1
Project("{FAE04EC0-301F-11D3-BF4B-00C04F79EFBC}") = "QUANLYSINHVIEN6", "QUANLYSINHVIEN6\QUANLYSINHVIEN6.csproj", "{9EFC25D8-8A73-40CA-A5C9-04E92F46567D}"
EndProject
Global
	GlobalSection(SolutionConfigurationPlatforms) = preSolution
		Debug|Any CPU = Debug|Any CPU
		Release|Any CPU = Release|Any CPU
	EndGlobalSection
	GlobalSection(ProjectConfigurationPlatforms) = postSolution
		{9EFC25D8-8A73-40CA-A5C9-04E92F46567D}.Debug|Any CPU.ActiveCfg = Debug|Any CPU
		{9EFC25D8-8A73-40CA-A5C9-04E92F46567D}.Debug|Any CPU.Build.0 = Debug|Any CPU
		{9EFC25D8-8A73-40CA-A5C9-04E92F46567D}.Release|Any CPU.ActiveCfg = Release|Any CPU
		{9EFC25D8-8A73-40CA-A5C9-04E92F46567D}.Release|Any CPU.Build.0 = Release|Any CPU
	EndGlobalSection
	GlobalSection(SolutionProperties) = preSolution
		HideSolutionNode = FALSE
	EndGlobalSection
	GlobalSection(ExtensibilityGlobals) = postSolution
		SolutionGuid = {DF3A7A90-9FFF-4793-9A0F-FB8B88902E27}
	EndGlobalSection
EndGlobal
