
Microsoft Visual Studio Solution File, Format Version 12.00
# Visual Studio Version 17
VisualStudioVersion = 17.12.35527.113 d17.12
MinimumVisualStudioVersion = 10.0.40219.1
Project("{FAE04EC0-301F-11D3-BF4B-00C04F79EFBC}") = "Quản Lí Sinh Viên 02", "Quản Lí Sinh Viên 02.csproj", "{8334A755-7F02-4211-8589-6F4064188F20}"
EndProject
Global
	GlobalSection(SolutionConfigurationPlatforms) = preSolution
		Debug|Any CPU = Debug|Any CPU
		Release|Any CPU = Release|Any CPU
	EndGlobalSection
	GlobalSection(ProjectConfigurationPlatforms) = postSolution
		{8334A755-7F02-4211-8589-6F4064188F20}.Debug|Any CPU.ActiveCfg = Debug|Any CPU
		{8334A755-7F02-4211-8589-6F4064188F20}.Debug|Any CPU.Build.0 = Debug|Any CPU
		{8334A755-7F02-4211-8589-6F4064188F20}.Release|Any CPU.ActiveCfg = Release|Any CPU
		{8334A755-7F02-4211-8589-6F4064188F20}.Release|Any CPU.Build.0 = Release|Any CPU
	EndGlobalSection
	GlobalSection(SolutionProperties) = preSolution
		HideSolutionNode = FALSE
	EndGlobalSection
EndGlobal
